Microsoft Visual Studio Solution File, Format Version 12.00
# Visual Studio Version 17
VisualStudioVersion = 17.5.2.0
MinimumVisualStudioVersion = 10.0.40219.1
Project("{FAE04EC0-301F-11D3-BF4B-00C04F79EFBC}") = "React2", "React2.csproj", "{A421717C-36C9-2A23-AD97-011C2097B74F}"
EndProject
Global
	GlobalSection(SolutionConfigurationPlatforms) = preSolution
		Debug|Any CPU = Debug|Any CPU
		Release|Any CPU = Release|Any CPU
	EndGlobalSection
	GlobalSection(ProjectConfigurationPlatforms) = postSolution
		{A421717C-36C9-2A23-AD97-011C2097B74F}.Debug|Any CPU.ActiveCfg = Debug|Any CPU
		{A421717C-36C9-2A23-AD97-011C2097B74F}.Debug|Any CPU.Build.0 = Debug|Any CPU
		{A421717C-36C9-2A23-AD97-011C2097B74F}.Release|Any CPU.ActiveCfg = Release|Any CPU
		{A421717C-36C9-2A23-AD97-011C2097B74F}.Release|Any CPU.Build.0 = Release|Any CPU
	EndGlobalSection
	GlobalSection(SolutionProperties) = preSolution
		HideSolutionNode = FALSE
	EndGlobalSection
	GlobalSection(ExtensibilityGlobals) = postSolution
		SolutionGuid = {E947B25D-12C4-43C8-A28C-0A74F369286D}
	EndGlobalSection
EndGlobal
